// !$*UTF8*$!
{
	archiveVersion = 1;
	classes = {
	};
	objectVersion = 55;
	objects = {

/* Begin PBXBuildFile section */
		101DFC3927EF473B001703CE /* NetworkHandler.swift in Sources */ = {isa = PBXBuildFile; fileRef = 101DFC3827EF473B001703CE /* NetworkHandler.swift */; };
		101DFC3B27EF577F001703CE /* JSONParser.swift in Sources */ = {isa = PBXBuildFile; fileRef = 101DFC3A27EF577F001703CE /* JSONParser.swift */; };
		101DFC3D27EF760F001703CE /* CoreDataManager.swift in Sources */ = {isa = PBXBuildFile; fileRef = 101DFC3C27EF760F001703CE /* CoreDataManager.swift */; };
		1049C8BE27F00D91000A592F /* DataProvider.swift in Sources */ = {isa = PBXBuildFile; fileRef = 1049C8BD27F00D91000A592F /* DataProvider.swift */; };
		1049C8C127F01304000A592F /* ContactTableViewCell.swift in Sources */ = {isa = PBXBuildFile; fileRef = 1049C8C027F01304000A592F /* ContactTableViewCell.swift */; };
		1049C8C327F08BF5000A592F /* ContactDetailTableViewController.swift in Sources */ = {isa = PBXBuildFile; fileRef = 1049C8C227F08BF5000A592F /* ContactDetailTableViewController.swift */; };
		10DF533127EF388D00689C36 /* AppDelegate.swift in Sources */ = {isa = PBXBuildFile; fileRef = 10DF533027EF388D00689C36 /* AppDelegate.swift */; };
		10DF533327EF388D00689C36 /* SceneDelegate.swift in Sources */ = {isa = PBXBuildFile; fileRef = 10DF533227EF388D00689C36 /* SceneDelegate.swift */; };
		10DF533527EF388D00689C36 /* ViewController.swift in Sources */ = {isa = PBXBuildFile; fileRef = 10DF533427EF388D00689C36 /* ViewController.swift */; };
		10DF533827EF388D00689C36 /* Main.storyboard in Resources */ = {isa = PBXBuildFile; fileRef = 10DF533627EF388D00689C36 /* Main.storyboard */; };
		10DF533B27EF388D00689C36 /* Contacts.xcdatamodeld in Sources */ = {isa = PBXBuildFile; fileRef = 10DF533927EF388D00689C36 /* Contacts.xcdatamodeld */; };
		10DF533D27EF388E00689C36 /* Assets.xcassets in Resources */ = {isa = PBXBuildFile; fileRef = 10DF533C27EF388E00689C36 /* Assets.xcassets */; };
		10DF534027EF388E00689C36 /* LaunchScreen.storyboard in Resources */ = {isa = PBXBuildFile; fileRef = 10DF533E27EF388E00689C36 /* LaunchScreen.storyboard */; };
/* End PBXBuildFile section */

/* Begin PBXFileReference section */
		101DFC3827EF473B001703CE /* NetworkHandler.swift */ = {isa = PBXFileReference; lastKnownFileType = sourcecode.swift; path = NetworkHandler.swift; sourceTree = "<group>"; };
		101DFC3A27EF577F001703CE /* JSONParser.swift */ = {isa = PBXFileReference; lastKnownFileType = sourcecode.swift; path = JSONParser.swift; sourceTree = "<group>"; };
		101DFC3C27EF760F001703CE /* CoreDataManager.swift */ = {isa = PBXFileReference; lastKnownFileType = sourcecode.swift; path = CoreDataManager.swift; sourceTree = "<group>"; };
		1049C8BD27F00D91000A592F /* DataProvider.swift */ = {isa = PBXFileReference; lastKnownFileType = sourcecode.swift; path = DataProvider.swift; sourceTree = "<group>"; };
		1049C8C027F01304000A592F /* ContactTableViewCell.swift */ = {isa = PBXFileReference; lastKnownFileType = sourcecode.swift; path = ContactTableViewCell.swift; sourceTree = "<group>"; };
		1049C8C227F08BF5000A592F /* ContactDetailTableViewController.swift */ = {isa = PBXFileReference; lastKnownFileType = sourcecode.swift; path = ContactDetailTableViewController.swift; sourceTree = "<group>"; };
		10DF532D27EF388D00689C36 /* Contacts.app */ = {isa = PBXFileReference; explicitFileType = wrapper.application; includeInIndex = 0; path = Contacts.app; sourceTree = BUILT_PRODUCTS_DIR; };
		10DF533027EF388D00689C36 /* AppDelegate.swift */ = {isa = PBXFileReference; lastKnownFileType = sourcecode.swift; path = AppDelegate.swift; sourceTree = "<group>"; };
		10DF533227EF388D00689C36 /* SceneDelegate.swift */ = {isa = PBXFileReference; lastKnownFileType = sourcecode.swift; path = SceneDelegate.swift; sourceTree = "<group>"; };
		10DF533427EF388D00689C36 /* ViewController.swift */ = {isa = PBXFileReference; lastKnownFileType = sourcecode.swift; path = ViewController.swift; sourceTree = "<group>"; };
		10DF533727EF388D00689C36 /* Base */ = {isa = PBXFileReference; lastKnownFileType = file.storyboard; name = Base; path = Base.lproj/Main.storyboard; sourceTree = "<group>"; };
		10DF533A27EF388D00689C36 /* Contacts.xcdatamodel */ = {isa = PBXFileReference; lastKnownFileType = wrapper.xcdatamodel; path = Contacts.xcdatamodel; sourceTree = "<group>"; };
		10DF533C27EF388E00689C36 /* Assets.xcassets */ = {isa = PBXFileReference; lastKnownFileType = folder.assetcatalog; path = Assets.xcassets; sourceTree = "<group>"; };
		10DF533F27EF388E00689C36 /* Base */ = {isa = PBXFileReference; lastKnownFileType = file.storyboard; name = Base; path = Base.lproj/LaunchScreen.storyboard; sourceTree = "<group>"; };
		10DF534127EF388E00689C36 /* Info.plist */ = {isa = PBXFileReference; lastKnownFileType = text.plist.xml; path = Info.plist; sourceTree = "<group>"; };
/* End PBXFileReference section */

/* Begin PBXFrameworksBuildPhase section */
		10DF532A27EF388D00689C36 /* Frameworks */ = {
			isa = PBXFrameworksBuildPhase;
			buildActionMask = 2147483647;
			files = (
			);
			runOnlyForDeploymentPostprocessing = 0;
		};
/* End PBXFrameworksBuildPhase section */

/* Begin PBXGroup section */
		101DFC3727EF4726001703CE /* Model */ = {
			isa = PBXGroup;
			children = (
				101DFC3827EF473B001703CE /* NetworkHandler.swift */,
				101DFC3A27EF577F001703CE /* JSONParser.swift */,
				101DFC3C27EF760F001703CE /* CoreDataManager.swift */,
				1049C8BD27F00D91000A592F /* DataProvider.swift */,
			);
			path = Model;
			sourceTree = "<group>";
		};
		1049C8BF27F012E8000A592F /* View */ = {
			isa = PBXGroup;
			children = (
				1049C8C027F01304000A592F /* ContactTableViewCell.swift */,
			);
			path = View;
			sourceTree = "<group>";
		};
		10DF532427EF388D00689C36 = {
			isa = PBXGroup;
			children = (
				10DF532F27EF388D00689C36 /* Contacts */,
				10DF532E27EF388D00689C36 /* Products */,
			);
			sourceTree = "<group>";
		};
		10DF532E27EF388D00689C36 /* Products */ = {
			isa = PBXGroup;
			children = (
				10DF532D27EF388D00689C36 /* Contacts.app */,
			);
			name = Products;
			sourceTree = "<group>";
		};
		10DF532F27EF388D00689C36 /* Contacts */ = {
			isa = PBXGroup;
			children = (
				1049C8BF27F012E8000A592F /* View */,
				101DFC3727EF4726001703CE /* Model */,
				10DF533027EF388D00689C36 /* AppDelegate.swift */,
				10DF533227EF388D00689C36 /* SceneDelegate.swift */,
				10DF533427EF388D00689C36 /* ViewController.swift */,
				1049C8C227F08BF5000A592F /* ContactDetailTableViewController.swift */,
				10DF533627EF388D00689C36 /* Main.storyboard */,
				10DF533C27EF388E00689C36 /* Assets.xcassets */,
				10DF533E27EF388E00689C36 /* LaunchScreen.storyboard */,
				10DF534127EF388E00689C36 /* Info.plist */,
				10DF533927EF388D00689C36 /* Contacts.xcdatamodeld */,
			);
			path = Contacts;
			sourceTree = "<group>";
		};
/* End PBXGroup section */

/* Begin PBXNativeTarget section */
		10DF532C27EF388D00689C36 /* Contacts */ = {
			isa = PBXNativeTarget;
			buildConfigurationList = 10DF534427EF388E00689C36 /* Build configuration list for PBXNativeTarget "Contacts" */;
			buildPhases = (
				10DF532927EF388D00689C36 /* Sources */,
				10DF532A27EF388D00689C36 /* Frameworks */,
				10DF532B27EF388D00689C36 /* Resources */,
			);
			buildRules = (
			);
			dependencies = (
			);
			name = Contacts;
			productName = Contacts;
			productReference = 10DF532D27EF388D00689C36 /* Contacts.app */;
			productType = "com.apple.product-type.application";
		};
/* End PBXNativeTarget section */

/* Begin PBXProject section */
		10DF532527EF388D00689C36 /* Project object */ = {
			isa = PBXProject;
			attributes = {
				BuildIndependentTargetsInParallel = 1;
				LastSwiftUpdateCheck = 1320;
				LastUpgradeCheck = 1320;
				TargetAttributes = {
					10DF532C27EF388D00689C36 = {
						CreatedOnToolsVersion = 13.2.1;
					};
				};
			};
			buildConfigurationList = 10DF532827EF388D00689C36 /* Build configuration list for PBXProject "Contacts" */;
			compatibilityVersion = "Xcode 13.0";
			developmentRegion = en;
			hasScannedForEncodings = 0;
			knownRegions = (
				en,
				Base,
			);
			mainGroup = 10DF532427EF388D00689C36;
			productRefGroup = 10DF532E27EF388D00689C36 /* Products */;
			projectDirPath = "";
			projectRoot = "";
			targets = (
				10DF532C27EF388D00689C36 /* Contacts */,
			);
		};
/* End PBXProject section */

/* Begin PBXResourcesBuildPhase section */
		10DF532B27EF388D00689C36 /* Resources */ = {
			isa = PBXResourcesBuildPhase;
			buildActionMask = 2147483647;
			files = (
				10DF534027EF388E00689C36 /* LaunchScreen.storyboard in Resources */,
				10DF533D27EF388E00689C36 /* Assets.xcassets in Resources */,
				10DF533827EF388D00689C36 /* Main.storyboard in Resources */,
			);
			runOnlyForDeploymentPostprocessing = 0;
		};
/* End PBXResourcesBuildPhase section */

/* Begin PBXSourcesBuildPhase section */
		10DF532927EF388D00689C36 /* Sources */ = {
			isa = PBXSourcesBuildPhase;
			buildActionMask = 2147483647;
			files = (
				10DF533B27EF388D00689C36 /* Contacts.xcdatamodeld in Sources */,
				10DF533527EF388D00689C36 /* ViewController.swift in Sources */,
				1049C8BE27F00D91000A592F /* DataProvider.swift in Sources */,
				101DFC3B27EF577F001703CE /* JSONParser.swift in Sources */,
				10DF533127EF388D00689C36 /* AppDelegate.swift in Sources */,
				101DFC3927EF473B001703CE /* NetworkHandler.swift in Sources */,
				1049C8C127F01304000A592F /* ContactTableViewCell.swift in Sources */,
				101DFC3D27EF760F001703CE /* CoreDataManager.swift in Sources */,
				10DF533327EF388D00689C36 /* SceneDelegate.swift in Sources */,
				1049C8C327F08BF5000A592F /* ContactDetailTableViewController.swift in Sources */,
			);
			runOnlyForDeploymentPostprocessing = 0;
		};
/* End PBXSourcesBuildPhase section */

/* Begin PBXVariantGroup section */
		10DF533627EF388D00689C36 /* Main.storyboard */ = {
			isa = PBXVariantGroup;
			children = (
				10DF533727EF388D00689C36 /* Base */,
			);
			name = Main.storyboard;
			sourceTree = "<group>";
		};
		10DF533E27EF388E00689C36 /* LaunchScreen.storyboard */ = {
			isa = PBXVariantGroup;
			children = (
				10DF533F27EF388E00689C36 /* Base */,
			);
			name = LaunchScreen.storyboard;
			sourceTree = "<group>";
		};
/* End PBXVariantGroup section */

/* Begin XCBuildConfiguration section */
		10DF534227EF388E00689C36 /* Debug */ = {
			isa = XCBuildConfiguration;
			buildSettings = {
				ALWAYS_SEARCH_USER_PATHS = NO;
				CLANG_ANALYZER_NONNULL = YES;
				CLANG_ANALYZER_NUMBER_OBJECT_CONVERSION = YES_AGGRESSIVE;
				CLANG_CXX_LANGUAGE_STANDARD = "gnu++17";
				CLANG_CXX_LIBRARY = "libc++";
				CLANG_ENABLE_MODULES = YES;
				CLANG_ENABLE_OBJC_ARC = YES;
				CLANG_ENABLE_OBJC_WEAK = YES;
				CLANG_WARN_BLOCK_CAPTURE_AUTORELEASING = YES;
				CLANG_WARN_BOOL_CONVERSION = YES;
				CLANG_WARN_COMMA = YES;
				CLANG_WARN_CONSTANT_CONVERSION = YES;
				CLANG_WARN_DEPRECATED_OBJC_IMPLEMENTATIONS = YES;
				CLANG_WARN_DIRECT_OBJC_ISA_USAGE = YES_ERROR;
				CLANG_WARN_DOCUMENTATION_COMMENTS = YES;
				CLANG_WARN_EMPTY_BODY = YES;
				CLANG_WARN_ENUM_CONVERSION = YES;
				CLANG_WARN_INFINITE_RECURSION = YES;
				CLANG_WARN_INT_CONVERSION = YES;
				CLANG_WARN_NON_LITERAL_NULL_CONVERSION = YES;
				CLANG_WARN_OBJC_IMPLICIT_RETAIN_SELF = YES;
				CLANG_WARN_OBJC_LITERAL_CONVERSION = YES;
				CLANG_WARN_OBJC_ROOT_CLASS = YES_ERROR;
				CLANG_WARN_QUOTED_INCLUDE_IN_FRAMEWORK_HEADER = YES;
				CLANG_WARN_RANGE_LOOP_ANALYSIS = YES;
				CLANG_WARN_STRICT_PROTOTYPES = YES;
				CLANG_WARN_SUSPICIOUS_MOVE = YES;
				CLANG_WARN_UNGUARDED_AVAILABILITY = YES_AGGRESSIVE;
				CLANG_WARN_UNREACHABLE_CODE = YES;
				CLANG_WARN__DUPLICATE_METHOD_MATCH = YES;
				COPY_PHASE_STRIP = NO;
				DEBUG_INFORMATION_FORMAT = dwarf;
				ENABLE_STRICT_OBJC_MSGSEND = YES;
				ENABLE_TESTABILITY = YES;
				GCC_C_LANGUAGE_STANDARD = gnu11;
				GCC_DYNAMIC_NO_PIC = NO;
				GCC_NO_COMMON_BLOCKS = YES;
				GCC_OPTIMIZATION_LEVEL = 0;
				GCC_PREPROCESSOR_DEFINITIONS = (
					"DEBUG=1",
					"$(inherited)",
				);
				GCC_WARN_64_TO_32_BIT_CONVERSION = YES;
				GCC_WARN_ABOUT_RETURN_TYPE = YES_ERROR;
				GCC_WARN_UNDECLARED_SELECTOR = YES;
				GCC_WARN_UNINITIALIZED_AUTOS = YES_AGGRESSIVE;
				GCC_WARN_UNUSED_FUNCTION = YES;
				GCC_WARN_UNUSED_VARIABLE = YES;
				IPHONEOS_DEPLOYMENT_TARGET = 15.2;
				MTL_ENABLE_DEBUG_INFO = INCLUDE_SOURCE;
				MTL_FAST_MATH = YES;
				ONLY_ACTIVE_ARCH = YES;
				SDKROOT = iphoneos;
				SWIFT_ACTIVE_COMPILATION_CONDITIONS = DEBUG;
				SWIFT_OPTIMIZATION_LEVEL = "-Onone";
			};
			name = Debug;
		};
		10DF534327EF388E00689C36 /* Release */ = {
			isa = XCBuildConfiguration;
			buildSettings = {
				ALWAYS_SEARCH_USER_PATHS = NO;
				CLANG_ANALYZER_NONNULL = YES;
				CLANG_ANALYZER_NUMBER_OBJECT_CONVERSION = YES_AGGRESSIVE;
				CLANG_CXX_LANGUAGE_STANDARD = "gnu++17";
				CLANG_CXX_LIBRARY = "libc++";
				CLANG_ENABLE_MODULES = YES;
				CLANG_ENABLE_OBJC_ARC = YES;
				CLANG_ENABLE_OBJC_WEAK = YES;
				CLANG_WARN_BLOCK_CAPTURE_AUTORELEASING = YES;
				CLANG_WARN_BOOL_CONVERSION = YES;
				CLANG_WARN_COMMA = YES;
				CLANG_WARN_CONSTANT_CONVERSION = YES;
				CLANG_WARN_DEPRECATED_OBJC_IMPLEMENTATIONS = YES;
				CLANG_WARN_DIRECT_OBJC_ISA_USAGE = YES_ERROR;
				CLANG_WARN_DOCUMENTATION_COMMENTS = YES;
				CLANG_WARN_EMPTY_BODY = YES;
				CLANG_WARN_ENUM_CONVERSION = YES;
				CLANG_WARN_INFINITE_RECURSION = YES;
				CLANG_WARN_INT_CONVERSION = YES;
				CLANG_WARN_NON_LITERAL_NULL_CONVERSION = YES;
				CLANG_WARN_OBJC_IMPLICIT_RETAIN_SELF = YES;
				CLANG_WARN_OBJC_LITERAL_CONVERSION = YES;
				CLANG_WARN_OBJC_ROOT_CLASS = YES_ERROR;
				CLANG_WARN_QUOTED_INCLUDE_IN_FRAMEWORK_HEADER = YES;
				CLANG_WARN_RANGE_LOOP_ANALYSIS = YES;
				CLANG_WARN_STRICT_PROTOTYPES = YES;
				CLANG_WARN_SUSPICIOUS_MOVE = YES;
				CLANG_WARN_UNGUARDED_AVAILABILITY = YES_AGGRESSIVE;
				CLANG_WARN_UNREACHABLE_CODE = YES;
				CLANG_WARN__DUPLICATE_METHOD_MATCH = YES;
				COPY_PHASE_STRIP = NO;
				DEBUG_INFORMATION_FORMAT = "dwarf-with-dsym";
				ENABLE_NS_ASSERTIONS = NO;
				ENABLE_STRICT_OBJC_MSGSEND = YES;
				GCC_C_LANGUAGE_STANDARD = gnu11;
				GCC_NO_COMMON_BLOCKS = YES;
				GCC_WARN_64_TO_32_BIT_CONVERSION = YES;
				GCC_WARN_ABOUT_RETURN_TYPE = YES_ERROR;
				GCC_WARN_UNDECLARED_SELECTOR = YES;
				GCC_WARN_UNINITIALIZED_AUTOS = YES_AGGRESSIVE;
				GCC_WARN_UNUSED_FUNCTION = YES;
				GCC_WARN_UNUSED_VARIABLE = YES;
				IPHONEOS_DEPLOYMENT_TARGET = 15.2;
				MTL_ENABLE_DEBUG_INFO = NO;
				MTL_FAST_MATH = YES;
				SDKROOT = iphoneos;
				SWIFT_COMPILATION_MODE = wholemodule;
				SWIFT_OPTIMIZATION_LEVEL = "-O";
				VALIDATE_PRODUCT = YES;
			};
			name = Release;
		};
		10DF534527EF388E00689C36 /* Debug */ = {
			isa = XCBuildConfiguration;
			buildSettings = {
				ASSETCATALOG_COMPILER_APPICON_NAME = AppIcon;
				ASSETCATALOG_COMPILER_GLOBAL_ACCENT_COLOR_NAME = AccentColor;
				CODE_SIGN_STYLE = Automatic;
				CURRENT_PROJECT_VERSION = 1;
				DEVELOPMENT_TEAM = Q9874QP864;
				GENERATE_INFOPLIST_FILE = YES;
				INFOPLIST_FILE = Contacts/Info.plist;
				INFOPLIST_KEY_UIApplicationSupportsIndirectInputEvents = YES;
				INFOPLIST_KEY_UILaunchStoryboardName = LaunchScreen;
				INFOPLIST_KEY_UIMainStoryboardFile = Main;
				INFOPLIST_KEY_UISupportedInterfaceOrientations_iPad = "UIInterfaceOrientationPortrait UIInterfaceOrientationPortraitUpsideDown UIInterfaceOrientationLandscapeLeft UIInterfaceOrientationLandscapeRight";
				INFOPLIST_KEY_UISupportedInterfaceOrientations_iPhone = "UIInterfaceOrientationPortrait UIInterfaceOrientationLandscapeLeft UIInterfaceOrientationLandscapeRight";
				LD_RUNPATH_SEARCH_PATHS = (
					"$(inherited)",
					"@executable_path/Frameworks",
				);
				MARKETING_VERSION = 1.0;
				PRODUCT_BUNDLE_IDENTIFIER = com.maliyapalanikumar.Contacts;
				PRODUCT_NAME = "$(TARGET_NAME)";
				SWIFT_EMIT_LOC_STRINGS = YES;
				SWIFT_VERSION = 5.0;
				TARGETED_DEVICE_FAMILY = "1,2";
			};
			name = Debug;
		};
		10DF534627EF388E00689C36 /* Release */ = {
			isa = XCBuildConfiguration;
			buildSettings = {
				ASSETCATALOG_COMPILER_APPICON_NAME = AppIcon;
				ASSETCATALOG_COMPILER_GLOBAL_ACCENT_COLOR_NAME = AccentColor;
				CODE_SIGN_STYLE = Automatic;
				CURRENT_PROJECT_VERSION = 1;
				DEVELOPMENT_TEAM = Q9874QP864;
				GENERATE_INFOPLIST_FILE = YES;
				INFOPLIST_FILE = Contacts/Info.plist;
				INFOPLIST_KEY_UIApplicationSupportsIndirectInputEvents = YES;
				INFOPLIST_KEY_UILaunchStoryboardName = LaunchScreen;
				INFOPLIST_KEY_UIMainStoryboardFile = Main;
				INFOPLIST_KEY_UISupportedInterfaceOrientations_iPad = "UIInterfaceOrientationPortrait UIInterfaceOrientationPortraitUpsideDown UIInterfaceOrientationLandscapeLeft UIInterfaceOrientationLandscapeRight";
				INFOPLIST_KEY_UISupportedInterfaceOrientations_iPhone = "UIInterfaceOrientationPortrait UIInterfaceOrientationLandscapeLeft UIInterfaceOrientationLandscapeRight";
				LD_RUNPATH_SEARCH_PATHS = (
					"$(inherited)",
					"@executable_path/Frameworks",
				);
				MARKETING_VERSION = 1.0;
				PRODUCT_BUNDLE_IDENTIFIER = com.maliyapalanikumar.Contacts;
				PRODUCT_NAME = "$(TARGET_NAME)";
				SWIFT_EMIT_LOC_STRINGS = YES;
				SWIFT_VERSION = 5.0;
				TARGETED_DEVICE_FAMILY = "1,2";
			};
			name = Release;
		};
/* End XCBuildConfiguration section */

/* Begin XCConfigurationList section */
		10DF532827EF388D00689C36 /* Build configuration list for PBXProject "Contacts" */ = {
			isa = XCConfigurationList;
			buildConfigurations = (
				10DF534227EF388E00689C36 /* Debug */,
				10DF534327EF388E00689C36 /* Release */,
			);
			defaultConfigurationIsVisible = 0;
			defaultConfigurationName = Release;
		};
		10DF534427EF388E00689C36 /* Build configuration list for PBXNativeTarget "Contacts" */ = {
			isa = XCConfigurationList;
			buildConfigurations = (
				10DF534527EF388E00689C36 /* Debug */,
				10DF534627EF388E00689C36 /* Release */,
			);
			defaultConfigurationIsVisible = 0;
			defaultConfigurationName = Release;
		};
/* End XCConfigurationList section */

/* Begin XCVersionGroup section */
		10DF533927EF388D00689C36 /* Contacts.xcdatamodeld */ = {
			isa = XCVersionGroup;
			children = (
				10DF533A27EF388D00689C36 /* Contacts.xcdatamodel */,
			);
			currentVersion = 10DF533A27EF388D00689C36 /* Contacts.xcdatamodel */;
			path = Contacts.xcdatamodeld;
			sourceTree = "<group>";
			versionGroupType = wrapper.xcdatamodel;
		};
/* End XCVersionGroup section */
	};
	rootObject = 10DF532527EF388D00689C36 /* Project object */;
}
